<?xml version="1.0" encoding="utf-8"?>
<Project ToolsVersion="16.0" xmlns="http://schemas.microsoft.com/developer/msbuild/2003">
  <ItemGroup>
    <ClCompile Include="C:\Users\tobia\Desktop\Masterarbeit_Qualitätskontrolle_Passsteinautomat\Master_prog.cpp">
      <Filter>Source Files</Filter>
    </ClCompile>
    <ClCompile Include="Viewer.cpp">
      <Filter>Source Files</Filter>
    </ClCompile>
    <ClCompile Include="Txt_to_pcd.cpp">
      <Filter>Source Files</Filter>
    </ClCompile>
    <ClCompile Include="Filter.cpp">
      <Filter>Source Files</Filter>
    </ClCompile>
    <ClCompile Include="Solldaten.cpp">
      <Filter>Source Files</Filter>
    </ClCompile>
    <ClCompile Include="Vergleicher_ist_soll.cpp">
      <Filter>Source Files</Filter>
    </ClCompile>
  </ItemGroup>
  <ItemGroup>
    <CustomBuild Include="C:\Users\tobia\Desktop\Masterarbeit_Qualitätskontrolle_Passsteinautomat\CMakeLists.txt" />
  </ItemGroup>
  <ItemGroup>
    <Filter Include="Source Files">
      <UniqueIdentifier>{7B481660-0C07-3318-988E-A5B08192ACC5}</UniqueIdentifier>
    </Filter>
  </ItemGroup>
  <ItemGroup>
    <ClInclude Include="Viewer.h">
      <Filter>Source Files</Filter>
    </ClInclude>
    <ClInclude Include="Txt_to_pcd.h">
      <Filter>Source Files</Filter>
    </ClInclude>
    <ClInclude Include="Filter.h">
      <Filter>Source Files</Filter>
    </ClInclude>
    <ClInclude Include="Solldaten.h">
      <Filter>Source Files</Filter>
    </ClInclude>
    <ClInclude Include="Vergleicher_ist_soll.h">
      <Filter>Source Files</Filter>
    </ClInclude>
  </ItemGroup>
</Project>