<?xml version="1.0" encoding="utf-8"?>
<Project ToolsVersion="16.0" xmlns="http://schemas.microsoft.com/developer/msbuild/2003">
  <ItemGroup>
    <CustomBuild Include="C:\Users\tobia\Desktop\Masterarbeit_Qualitätskontrolle_Passsteinautomat\build\CMakeFiles\0c9daae41f853043061d6e8262626341\generate.stamp.rule">
      <Filter>CMake Rules</Filter>
    </CustomBuild>
  </ItemGroup>
  <ItemGroup>
    <Filter Include="CMake Rules">
      <UniqueIdentifier>{AAE44666-10EB-32F8-B967-34C812FD4452}</UniqueIdentifier>
    </Filter>
  </ItemGroup>
</Project>
